// !$*UTF8*$!
{
	archiveVersion = 1;
	classes = {
	};
	objectVersion = 50;
	objects = {

/* Begin PBXBuildFile section */
		670B6BEC24E074810035E450 /* Tests_iOS.swift in Sources */ = {isa = PBXBuildFile; fileRef = 670B6BEB24E074810035E450 /* Tests_iOS.swift */; };
		670B6BF724E074810035E450 /* Tests_macOS.swift in Sources */ = {isa = PBXBuildFile; fileRef = 670B6BF624E074810035E450 /* Tests_macOS.swift */; };
		670B6BF924E074810035E450 /* QuizzerApp.swift in Sources */ = {isa = PBXBuildFile; fileRef = 670B6BD024E074800035E450 /* QuizzerApp.swift */; };
		670B6BFA24E074810035E450 /* QuizzerApp.swift in Sources */ = {isa = PBXBuildFile; fileRef = 670B6BD024E074800035E450 /* QuizzerApp.swift */; };
		670B6BFB24E074810035E450 /* ContentView.swift in Sources */ = {isa = PBXBuildFile; fileRef = 670B6BD124E074800035E450 /* ContentView.swift */; };
		670B6BFC24E074810035E450 /* ContentView.swift in Sources */ = {isa = PBXBuildFile; fileRef = 670B6BD124E074800035E450 /* ContentView.swift */; };
		670B6BFD24E074810035E450 /* Assets.xcassets in Resources */ = {isa = PBXBuildFile; fileRef = 670B6BD224E074810035E450 /* Assets.xcassets */; };
		670B6BFE24E074810035E450 /* Assets.xcassets in Resources */ = {isa = PBXBuildFile; fileRef = 670B6BD224E074810035E450 /* Assets.xcassets */; };
/* End PBXBuildFile section */

/* Begin PBXContainerItemProxy section */
		670B6BE824E074810035E450 /* PBXContainerItemProxy */ = {
			isa = PBXContainerItemProxy;
			containerPortal = 670B6BCB24E0747F0035E450 /* Project object */;
			proxyType = 1;
			remoteGlobalIDString = 670B6BD624E074810035E450;
			remoteInfo = "Quizzer (iOS)";
		};
		670B6BF324E074810035E450 /* PBXContainerItemProxy */ = {
			isa = PBXContainerItemProxy;
			containerPortal = 670B6BCB24E0747F0035E450 /* Project object */;
			proxyType = 1;
			remoteGlobalIDString = 670B6BDE24E074810035E450;
			remoteInfo = "Quizzer (macOS)";
		};
/* End PBXContainerItemProxy section */

/* Begin PBXFileReference section */
		670B6BD024E074800035E450 /* QuizzerApp.swift */ = {isa = PBXFileReference; lastKnownFileType = sourcecode.swift; path = QuizzerApp.swift; sourceTree = "<group>"; };
		670B6BD124E074800035E450 /* ContentView.swift */ = {isa = PBXFileReference; lastKnownFileType = sourcecode.swift; path = ContentView.swift; sourceTree = "<group>"; };
		670B6BD224E074810035E450 /* Assets.xcassets */ = {isa = PBXFileReference; lastKnownFileType = folder.assetcatalog; path = Assets.xcassets; sourceTree = "<group>"; };
		670B6BD724E074810035E450 /* Quizzer.app */ = {isa = PBXFileReference; explicitFileType = wrapper.application; includeInIndex = 0; path = Quizzer.app; sourceTree = BUILT_PRODUCTS_DIR; };
		670B6BDA24E074810035E450 /* Info.plist */ = {isa = PBXFileReference; lastKnownFileType = text.plist.xml; path = Info.plist; sourceTree = "<group>"; };
		670B6BDF24E074810035E450 /* Quizzer.app */ = {isa = PBXFileReference; explicitFileType = wrapper.application; includeInIndex = 0; path = Quizzer.app; sourceTree = BUILT_PRODUCTS_DIR; };
		670B6BE124E074810035E450 /* Info.plist */ = {isa = PBXFileReference; lastKnownFileType = text.plist.xml; path = Info.plist; sourceTree = "<group>"; };
		670B6BE224E074810035E450 /* macOS.entitlements */ = {isa = PBXFileReference; lastKnownFileType = text.plist.entitlements; path = macOS.entitlements; sourceTree = "<group>"; };
		670B6BE724E074810035E450 /* Tests iOS.xctest */ = {isa = PBXFileReference; explicitFileType = wrapper.cfbundle; includeInIndex = 0; path = "Tests iOS.xctest"; sourceTree = BUILT_PRODUCTS_DIR; };
		670B6BEB24E074810035E450 /* Tests_iOS.swift */ = {isa = PBXFileReference; lastKnownFileType = sourcecode.swift; path = Tests_iOS.swift; sourceTree = "<group>"; };
		670B6BED24E074810035E450 /* Info.plist */ = {isa = PBXFileReference; lastKnownFileType = text.plist.xml; path = Info.plist; sourceTree = "<group>"; };
		670B6BF224E074810035E450 /* Tests macOS.xctest */ = {isa = PBXFileReference; explicitFileType = wrapper.cfbundle; includeInIndex = 0; path = "Tests macOS.xctest"; sourceTree = BUILT_PRODUCTS_DIR; };
		670B6BF624E074810035E450 /* Tests_macOS.swift */ = {isa = PBXFileReference; lastKnownFileType = sourcecode.swift; path = Tests_macOS.swift; sourceTree = "<group>"; };
		670B6BF824E074810035E450 /* Info.plist */ = {isa = PBXFileReference; lastKnownFileType = text.plist.xml; path = Info.plist; sourceTree = "<group>"; };
/* End PBXFileReference section */

/* Begin PBXFrameworksBuildPhase section */
		670B6BD424E074810035E450 /* Frameworks */ = {
			isa = PBXFrameworksBuildPhase;
			buildActionMask = 2147483647;
			files = (
			);
			runOnlyForDeploymentPostprocessing = 0;
		};
		670B6BDC24E074810035E450 /* Frameworks */ = {
			isa = PBXFrameworksBuildPhase;
			buildActionMask = 2147483647;
			files = (
			);
			runOnlyForDeploymentPostprocessing = 0;
		};
		670B6BE424E074810035E450 /* Frameworks */ = {
			isa = PBXFrameworksBuildPhase;
			buildActionMask = 2147483647;
			files = (
			);
			runOnlyForDeploymentPostprocessing = 0;
		};
		670B6BEF24E074810035E450 /* Frameworks */ = {
			isa = PBXFrameworksBuildPhase;
			buildActionMask = 2147483647;
			files = (
			);
			runOnlyForDeploymentPostprocessing = 0;
		};
/* End PBXFrameworksBuildPhase section */

/* Begin PBXGroup section */
		670B6BCA24E0747F0035E450 = {
			isa = PBXGroup;
			children = (
				670B6BCF24E074800035E450 /* Shared */,
				670B6BD924E074810035E450 /* iOS */,
				670B6BE024E074810035E450 /* macOS */,
				670B6BEA24E074810035E450 /* Tests iOS */,
				670B6BF524E074810035E450 /* Tests macOS */,
				670B6BD824E074810035E450 /* Products */,
			);
			sourceTree = "<group>";
		};
		670B6BCF24E074800035E450 /* Shared */ = {
			isa = PBXGroup;
			children = (
				670B6BD024E074800035E450 /* QuizzerApp.swift */,
				670B6BD124E074800035E450 /* ContentView.swift */,
				670B6BD224E074810035E450 /* Assets.xcassets */,
			);
			path = Shared;
			sourceTree = "<group>";
		};
		670B6BD824E074810035E450 /* Products */ = {
			isa = PBXGroup;
			children = (
				670B6BD724E074810035E450 /* Quizzer.app */,
				670B6BDF24E074810035E450 /* Quizzer.app */,
				670B6BE724E074810035E450 /* Tests iOS.xctest */,
				670B6BF224E074810035E450 /* Tests macOS.xctest */,
			);
			name = Products;
			sourceTree = "<group>";
		};
		670B6BD924E074810035E450 /* iOS */ = {
			isa = PBXGroup;
			children = (
				670B6BDA24E074810035E450 /* Info.plist */,
			);
			path = iOS;
			sourceTree = "<group>";
		};
		670B6BE024E074810035E450 /* macOS */ = {
			isa = PBXGroup;
			children = (
				670B6BE124E074810035E450 /* Info.plist */,
				670B6BE224E074810035E450 /* macOS.entitlements */,
			);
			path = macOS;
			sourceTree = "<group>";
		};
		670B6BEA24E074810035E450 /* Tests iOS */ = {
			isa = PBXGroup;
			children = (
				670B6BEB24E074810035E450 /* Tests_iOS.swift */,
				670B6BED24E074810035E450 /* Info.plist */,
			);
			path = "Tests iOS";
			sourceTree = "<group>";
		};
		670B6BF524E074810035E450 /* Tests macOS */ = {
			isa = PBXGroup;
			children = (
				670B6BF624E074810035E450 /* Tests_macOS.swift */,
				670B6BF824E074810035E450 /* Info.plist */,
			);
			path = "Tests macOS";
			sourceTree = "<group>";
		};
/* End PBXGroup section */

/* Begin PBXNativeTarget section */
		670B6BD624E074810035E450 /* Quizzer (iOS) */ = {
			isa = PBXNativeTarget;
			buildConfigurationList = 670B6C0124E074810035E450 /* Build configuration list for PBXNativeTarget "Quizzer (iOS)" */;
			buildPhases = (
				670B6BD324E074810035E450 /* Sources */,
				670B6BD424E074810035E450 /* Frameworks */,
				670B6BD524E074810035E450 /* Resources */,
			);
			buildRules = (
			);
			dependencies = (
			);
			name = "Quizzer (iOS)";
			productName = "Quizzer (iOS)";
			productReference = 670B6BD724E074810035E450 /* Quizzer.app */;
			productType = "com.apple.product-type.application";
		};
		670B6BDE24E074810035E450 /* Quizzer (macOS) */ = {
			isa = PBXNativeTarget;
			buildConfigurationList = 670B6C0424E074810035E450 /* Build configuration list for PBXNativeTarget "Quizzer (macOS)" */;
			buildPhases = (
				670B6BDB24E074810035E450 /* Sources */,
				670B6BDC24E074810035E450 /* Frameworks */,
				670B6BDD24E074810035E450 /* Resources */,
			);
			buildRules = (
			);
			dependencies = (
			);
			name = "Quizzer (macOS)";
			productName = "Quizzer (macOS)";
			productReference = 670B6BDF24E074810035E450 /* Quizzer.app */;
			productType = "com.apple.product-type.application";
		};
		670B6BE624E074810035E450 /* Tests iOS */ = {
			isa = PBXNativeTarget;
			buildConfigurationList = 670B6C0724E074810035E450 /* Build configuration list for PBXNativeTarget "Tests iOS" */;
			buildPhases = (
				670B6BE324E074810035E450 /* Sources */,
				670B6BE424E074810035E450 /* Frameworks */,
				670B6BE524E074810035E450 /* Resources */,
			);
			buildRules = (
			);
			dependencies = (
				670B6BE924E074810035E450 /* PBXTargetDependency */,
			);
			name = "Tests iOS";
			productName = "Tests iOS";
			productReference = 670B6BE724E074810035E450 /* Tests iOS.xctest */;
			productType = "com.apple.product-type.bundle.ui-testing";
		};
		670B6BF124E074810035E450 /* Tests macOS */ = {
			isa = PBXNativeTarget;
			buildConfigurationList = 670B6C0A24E074810035E450 /* Build configuration list for PBXNativeTarget "Tests macOS" */;
			buildPhases = (
				670B6BEE24E074810035E450 /* Sources */,
				670B6BEF24E074810035E450 /* Frameworks */,
				670B6BF024E074810035E450 /* Resources */,
			);
			buildRules = (
			);
			dependencies = (
				670B6BF424E074810035E450 /* PBXTargetDependency */,
			);
			name = "Tests macOS";
			productName = "Tests macOS";
			productReference = 670B6BF224E074810035E450 /* Tests macOS.xctest */;
			productType = "com.apple.product-type.bundle.ui-testing";
		};
/* End PBXNativeTarget section */

/* Begin PBXProject section */
		670B6BCB24E0747F0035E450 /* Project object */ = {
			isa = PBXProject;
			attributes = {
				LastSwiftUpdateCheck = 1200;
				LastUpgradeCheck = 1200;
				TargetAttributes = {
					670B6BD624E074810035E450 = {
						CreatedOnToolsVersion = 12.0;
					};
					670B6BDE24E074810035E450 = {
						CreatedOnToolsVersion = 12.0;
					};
					670B6BE624E074810035E450 = {
						CreatedOnToolsVersion = 12.0;
						TestTargetID = 670B6BD624E074810035E450;
					};
					670B6BF124E074810035E450 = {
						CreatedOnToolsVersion = 12.0;
						TestTargetID = 670B6BDE24E074810035E450;
					};
				};
			};
			buildConfigurationList = 670B6BCE24E0747F0035E450 /* Build configuration list for PBXProject "Quizzer" */;
			compatibilityVersion = "Xcode 9.3";
			developmentRegion = en;
			hasScannedForEncodings = 0;
			knownRegions = (
				en,
				Base,
			);
			mainGroup = 670B6BCA24E0747F0035E450;
			productRefGroup = 670B6BD824E074810035E450 /* Products */;
			projectDirPath = "";
			projectRoot = "";
			targets = (
				670B6BD624E074810035E450 /* Quizzer (iOS) */,
				670B6BDE24E074810035E450 /* Quizzer (macOS) */,
				670B6BE624E074810035E450 /* Tests iOS */,
				670B6BF124E074810035E450 /* Tests macOS */,
			);
		};
/* End PBXProject section */

/* Begin PBXResourcesBuildPhase section */
		670B6BD524E074810035E450 /* Resources */ = {
			isa = PBXResourcesBuildPhase;
			buildActionMask = 2147483647;
			files = (
				670B6BFD24E074810035E450 /* Assets.xcassets in Resources */,
			);
			runOnlyForDeploymentPostprocessing = 0;
		};
		670B6BDD24E074810035E450 /* Resources */ = {
			isa = PBXResourcesBuildPhase;
			buildActionMask = 2147483647;
			files = (
				670B6BFE24E074810035E450 /* Assets.xcassets in Resources */,
			);
			runOnlyForDeploymentPostprocessing = 0;
		};
		670B6BE524E074810035E450 /* Resources */ = {
			isa = PBXResourcesBuildPhase;
			buildActionMask = 2147483647;
			files = (
			);
			runOnlyForDeploymentPostprocessing = 0;
		};
		670B6BF024E074810035E450 /* Resources */ = {
			isa = PBXResourcesBuildPhase;
			buildActionMask = 2147483647;
			files = (
			);
			runOnlyForDeploymentPostprocessing = 0;
		};
/* End PBXResourcesBuildPhase section */

/* Begin PBXSourcesBuildPhase section */
		670B6BD324E074810035E450 /* Sources */ = {
			isa = PBXSourcesBuildPhase;
			buildActionMask = 2147483647;
			files = (
				670B6BFB24E074810035E450 /* ContentView.swift in Sources */,
				670B6BF924E074810035E450 /* QuizzerApp.swift in Sources */,
			);
			runOnlyForDeploymentPostprocessing = 0;
		};
		670B6BDB24E074810035E450 /* Sources */ = {
			isa = PBXSourcesBuildPhase;
			buildActionMask = 2147483647;
			files = (
				670B6BFC24E074810035E450 /* ContentView.swift in Sources */,
				670B6BFA24E074810035E450 /* QuizzerApp.swift in Sources */,
			);
			runOnlyForDeploymentPostprocessing = 0;
		};
		670B6BE324E074810035E450 /* Sources */ = {
			isa = PBXSourcesBuildPhase;
			buildActionMask = 2147483647;
			files = (
				670B6BEC24E074810035E450 /* Tests_iOS.swift in Sources */,
			);
			runOnlyForDeploymentPostprocessing = 0;
		};
		670B6BEE24E074810035E450 /* Sources */ = {
			isa = PBXSourcesBuildPhase;
			buildActionMask = 2147483647;
			files = (
				670B6BF724E074810035E450 /* Tests_macOS.swift in Sources */,
			);
			runOnlyForDeploymentPostprocessing = 0;
		};
/* End PBXSourcesBuildPhase section */

/* Begin PBXTargetDependency section */
		670B6BE924E074810035E450 /* PBXTargetDependency */ = {
			isa = PBXTargetDependency;
			target = 670B6BD624E074810035E450 /* Quizzer (iOS) */;
			targetProxy = 670B6BE824E074810035E450 /* PBXContainerItemProxy */;
		};
		670B6BF424E074810035E450 /* PBXTargetDependency */ = {
			isa = PBXTargetDependency;
			target = 670B6BDE24E074810035E450 /* Quizzer (macOS) */;
			targetProxy = 670B6BF324E074810035E450 /* PBXContainerItemProxy */;
		};
/* End PBXTargetDependency section */

/* Begin XCBuildConfiguration section */
		670B6BFF24E074810035E450 /* Debug */ = {
			isa = XCBuildConfiguration;
			buildSettings = {
				ALWAYS_SEARCH_USER_PATHS = NO;
				CLANG_ANALYZER_NONNULL = YES;
				CLANG_ANALYZER_NUMBER_OBJECT_CONVERSION = YES_AGGRESSIVE;
				CLANG_CXX_LANGUAGE_STANDARD = "gnu++14";
				CLANG_CXX_LIBRARY = "libc++";
				CLANG_ENABLE_MODULES = YES;
				CLANG_ENABLE_OBJC_ARC = YES;
				CLANG_ENABLE_OBJC_WEAK = YES;
				CLANG_WARN_BLOCK_CAPTURE_AUTORELEASING = YES;
				CLANG_WARN_BOOL_CONVERSION = YES;
				CLANG_WARN_COMMA = YES;
				CLANG_WARN_CONSTANT_CONVERSION = YES;
				CLANG_WARN_DEPRECATED_OBJC_IMPLEMENTATIONS = YES;
				CLANG_WARN_DIRECT_OBJC_ISA_USAGE = YES_ERROR;
				CLANG_WARN_DOCUMENTATION_COMMENTS = YES;
				CLANG_WARN_EMPTY_BODY = YES;
				CLANG_WARN_ENUM_CONVERSION = YES;
				CLANG_WARN_INFINITE_RECURSION = YES;
				CLANG_WARN_INT_CONVERSION = YES;
				CLANG_WARN_NON_LITERAL_NULL_CONVERSION = YES;
				CLANG_WARN_OBJC_IMPLICIT_RETAIN_SELF = YES;
				CLANG_WARN_OBJC_LITERAL_CONVERSION = YES;
				CLANG_WARN_OBJC_ROOT_CLASS = YES_ERROR;
				CLANG_WARN_QUOTED_INCLUDE_IN_FRAMEWORK_HEADER = YES;
				CLANG_WARN_RANGE_LOOP_ANALYSIS = YES;
				CLANG_WARN_STRICT_PROTOTYPES = YES;
				CLANG_WARN_SUSPICIOUS_MOVE = YES;
				CLANG_WARN_UNGUARDED_AVAILABILITY = YES_AGGRESSIVE;
				CLANG_WARN_UNREACHABLE_CODE = YES;
				CLANG_WARN__DUPLICATE_METHOD_MATCH = YES;
				COPY_PHASE_STRIP = NO;
				DEBUG_INFORMATION_FORMAT = dwarf;
				ENABLE_STRICT_OBJC_MSGSEND = YES;
				ENABLE_TESTABILITY = YES;
				GCC_C_LANGUAGE_STANDARD = gnu11;
				GCC_DYNAMIC_NO_PIC = NO;
				GCC_NO_COMMON_BLOCKS = YES;
				GCC_OPTIMIZATION_LEVEL = 0;
				GCC_PREPROCESSOR_DEFINITIONS = (
					"DEBUG=1",
					"$(inherited)",
				);
				GCC_WARN_64_TO_32_BIT_CONVERSION = YES;
				GCC_WARN_ABOUT_RETURN_TYPE = YES_ERROR;
				GCC_WARN_UNDECLARED_SELECTOR = YES;
				GCC_WARN_UNINITIALIZED_AUTOS = YES_AGGRESSIVE;
				GCC_WARN_UNUSED_FUNCTION = YES;
				GCC_WARN_UNUSED_VARIABLE = YES;
				MTL_ENABLE_DEBUG_INFO = INCLUDE_SOURCE;
				MTL_FAST_MATH = YES;
				ONLY_ACTIVE_ARCH = YES;
				SWIFT_ACTIVE_COMPILATION_CONDITIONS = DEBUG;
				SWIFT_OPTIMIZATION_LEVEL = "-Onone";
			};
			name = Debug;
		};
		670B6C0024E074810035E450 /* Release */ = {
			isa = XCBuildConfiguration;
			buildSettings = {
				ALWAYS_SEARCH_USER_PATHS = NO;
				CLANG_ANALYZER_NONNULL = YES;
				CLANG_ANALYZER_NUMBER_OBJECT_CONVERSION = YES_AGGRESSIVE;
				CLANG_CXX_LANGUAGE_STANDARD = "gnu++14";
				CLANG_CXX_LIBRARY = "libc++";
				CLANG_ENABLE_MODULES = YES;
				CLANG_ENABLE_OBJC_ARC = YES;
				CLANG_ENABLE_OBJC_WEAK = YES;
				CLANG_WARN_BLOCK_CAPTURE_AUTORELEASING = YES;
				CLANG_WARN_BOOL_CONVERSION = YES;
				CLANG_WARN_COMMA = YES;
				CLANG_WARN_CONSTANT_CONVERSION = YES;
				CLANG_WARN_DEPRECATED_OBJC_IMPLEMENTATIONS = YES;
				CLANG_WARN_DIRECT_OBJC_ISA_USAGE = YES_ERROR;
				CLANG_WARN_DOCUMENTATION_COMMENTS = YES;
				CLANG_WARN_EMPTY_BODY = YES;
				CLANG_WARN_ENUM_CONVERSION = YES;
				CLANG_WARN_INFINITE_RECURSION = YES;
				CLANG_WARN_INT_CONVERSION = YES;
				CLANG_WARN_NON_LITERAL_NULL_CONVERSION = YES;
				CLANG_WARN_OBJC_IMPLICIT_RETAIN_SELF = YES;
				CLANG_WARN_OBJC_LITERAL_CONVERSION = YES;
				CLANG_WARN_OBJC_ROOT_CLASS = YES_ERROR;
				CLANG_WARN_QUOTED_INCLUDE_IN_FRAMEWORK_HEADER = YES;
				CLANG_WARN_RANGE_LOOP_ANALYSIS = YES;
				CLANG_WARN_STRICT_PROTOTYPES = YES;
				CLANG_WARN_SUSPICIOUS_MOVE = YES;
				CLANG_WARN_UNGUARDED_AVAILABILITY = YES_AGGRESSIVE;
				CLANG_WARN_UNREACHABLE_CODE = YES;
				CLANG_WARN__DUPLICATE_METHOD_MATCH = YES;
				COPY_PHASE_STRIP = NO;
				DEBUG_INFORMATION_FORMAT = "dwarf-with-dsym";
				ENABLE_NS_ASSERTIONS = NO;
				ENABLE_STRICT_OBJC_MSGSEND = YES;
				GCC_C_LANGUAGE_STANDARD = gnu11;
				GCC_NO_COMMON_BLOCKS = YES;
				GCC_WARN_64_TO_32_BIT_CONVERSION = YES;
				GCC_WARN_ABOUT_RETURN_TYPE = YES_ERROR;
				GCC_WARN_UNDECLARED_SELECTOR = YES;
				GCC_WARN_UNINITIALIZED_AUTOS = YES_AGGRESSIVE;
				GCC_WARN_UNUSED_FUNCTION = YES;
				GCC_WARN_UNUSED_VARIABLE = YES;
				MTL_ENABLE_DEBUG_INFO = NO;
				MTL_FAST_MATH = YES;
				SWIFT_COMPILATION_MODE = wholemodule;
				SWIFT_OPTIMIZATION_LEVEL = "-O";
			};
			name = Release;
		};
		670B6C0224E074810035E450 /* Debug */ = {
			isa = XCBuildConfiguration;
			buildSettings = {
				ASSETCATALOG_COMPILER_APPICON_NAME = AppIcon;
				ASSETCATALOG_COMPILER_GLOBAL_ACCENT_COLOR_NAME = AccentColor;
				CODE_SIGN_STYLE = Automatic;
				DEVELOPMENT_TEAM = H3AB9CHSJ8;
				ENABLE_PREVIEWS = YES;
				INFOPLIST_FILE = iOS/Info.plist;
				IPHONEOS_DEPLOYMENT_TARGET = 14.0;
				LD_RUNPATH_SEARCH_PATHS = (
					"$(inherited)",
					"@executable_path/Frameworks",
				);
				PRODUCT_BUNDLE_IDENTIFIER = "Rich-Life.Quizzer";
				PRODUCT_NAME = Quizzer;
				SDKROOT = iphoneos;
				SWIFT_VERSION = 5.0;
				TARGETED_DEVICE_FAMILY = "1,2";
			};
			name = Debug;
		};
		670B6C0324E074810035E450 /* Release */ = {
			isa = XCBuildConfiguration;
			buildSettings = {
				ASSETCATALOG_COMPILER_APPICON_NAME = AppIcon;
				ASSETCATALOG_COMPILER_GLOBAL_ACCENT_COLOR_NAME = AccentColor;
				CODE_SIGN_STYLE = Automatic;
				DEVELOPMENT_TEAM = H3AB9CHSJ8;
				ENABLE_PREVIEWS = YES;
				INFOPLIST_FILE = iOS/Info.plist;
				IPHONEOS_DEPLOYMENT_TARGET = 14.0;
				LD_RUNPATH_SEARCH_PATHS = (
					"$(inherited)",
					"@executable_path/Frameworks",
				);
				PRODUCT_BUNDLE_IDENTIFIER = "Rich-Life.Quizzer";
				PRODUCT_NAME = Quizzer;
				SDKROOT = iphoneos;
				SWIFT_VERSION = 5.0;
				TARGETED_DEVICE_FAMILY = "1,2";
				VALIDATE_PRODUCT = YES;
			};
			name = Release;
		};
		670B6C0524E074810035E450 /* Debug */ = {
			isa = XCBuildConfiguration;
			buildSettings = {
				ASSETCATALOG_COMPILER_APPICON_NAME = AppIcon;
				ASSETCATALOG_COMPILER_GLOBAL_ACCENT_COLOR_NAME = AccentColor;
				CODE_SIGN_ENTITLEMENTS = macOS/macOS.entitlements;
				CODE_SIGN_STYLE = Automatic;
				COMBINE_HIDPI_IMAGES = YES;
				DEVELOPMENT_TEAM = H3AB9CHSJ8;
				ENABLE_HARDENED_RUNTIME = YES;
				ENABLE_PREVIEWS = YES;
				INFOPLIST_FILE = macOS/Info.plist;
				LD_RUNPATH_SEARCH_PATHS = (
					"$(inherited)",
					"@executable_path/../Frameworks",
				);
				MACOSX_DEPLOYMENT_TARGET = 11.0;
				PRODUCT_BUNDLE_IDENTIFIER = "Rich-Life.Quizzer";
				PRODUCT_NAME = Quizzer;
				SDKROOT = macosx;
				SWIFT_VERSION = 5.0;
			};
			name = Debug;
		};
		670B6C0624E074810035E450 /* Release */ = {
			isa = XCBuildConfiguration;
			buildSettings = {
				ASSETCATALOG_COMPILER_APPICON_NAME = AppIcon;
				ASSETCATALOG_COMPILER_GLOBAL_ACCENT_COLOR_NAME = AccentColor;
				CODE_SIGN_ENTITLEMENTS = macOS/macOS.entitlements;
				CODE_SIGN_STYLE = Automatic;
				COMBINE_HIDPI_IMAGES = YES;
				DEVELOPMENT_TEAM = H3AB9CHSJ8;
				ENABLE_HARDENED_RUNTIME = YES;
				ENABLE_PREVIEWS = YES;
				INFOPLIST_FILE = macOS/Info.plist;
				LD_RUNPATH_SEARCH_PATHS = (
					"$(inherited)",
					"@executable_path/../Frameworks",
				);
				MACOSX_DEPLOYMENT_TARGET = 11.0;
				PRODUCT_BUNDLE_IDENTIFIER = "Rich-Life.Quizzer";
				PRODUCT_NAME = Quizzer;
				SDKROOT = macosx;
				SWIFT_VERSION = 5.0;
			};
			name = Release;
		};
		670B6C0824E074810035E450 /* Debug */ = {
			isa = XCBuildConfiguration;
			buildSettings = {
				ALWAYS_EMBED_SWIFT_STANDARD_LIBRARIES = YES;
				CODE_SIGN_STYLE = Automatic;
				DEVELOPMENT_TEAM = H3AB9CHSJ8;
				INFOPLIST_FILE = "Tests iOS/Info.plist";
				IPHONEOS_DEPLOYMENT_TARGET = 14.0;
				LD_RUNPATH_SEARCH_PATHS = (
					"$(inherited)",
					"@executable_path/Frameworks",
					"@loader_path/Frameworks",
				);
				PRODUCT_BUNDLE_IDENTIFIER = "Rich-Life.Tests-iOS";
				PRODUCT_NAME = "$(TARGET_NAME)";
				SDKROOT = iphoneos;
				SWIFT_VERSION = 5.0;
				TARGETED_DEVICE_FAMILY = "1,2";
				TEST_TARGET_NAME = "Quizzer (iOS)";
			};
			name = Debug;
		};
		670B6C0924E074810035E450 /* Release */ = {
			isa = XCBuildConfiguration;
			buildSettings = {
				ALWAYS_EMBED_SWIFT_STANDARD_LIBRARIES = YES;
				CODE_SIGN_STYLE = Automatic;
				DEVELOPMENT_TEAM = H3AB9CHSJ8;
				INFOPLIST_FILE = "Tests iOS/Info.plist";
				IPHONEOS_DEPLOYMENT_TARGET = 14.0;
				LD_RUNPATH_SEARCH_PATHS = (
					"$(inherited)",
					"@executable_path/Frameworks",
					"@loader_path/Frameworks",
				);
				PRODUCT_BUNDLE_IDENTIFIER = "Rich-Life.Tests-iOS";
				PRODUCT_NAME = "$(TARGET_NAME)";
				SDKROOT = iphoneos;
				SWIFT_VERSION = 5.0;
				TARGETED_DEVICE_FAMILY = "1,2";
				TEST_TARGET_NAME = "Quizzer (iOS)";
				VALIDATE_PRODUCT = YES;
			};
			name = Release;
		};
		670B6C0B24E074810035E450 /* Debug */ = {
			isa = XCBuildConfiguration;
			buildSettings = {
				ALWAYS_EMBED_SWIFT_STANDARD_LIBRARIES = YES;
				CODE_SIGN_STYLE = Automatic;
				COMBINE_HIDPI_IMAGES = YES;
				DEVELOPMENT_TEAM = H3AB9CHSJ8;
				INFOPLIST_FILE = "Tests macOS/Info.plist";
				LD_RUNPATH_SEARCH_PATHS = (
					"$(inherited)",
					"@executable_path/../Frameworks",
					"@loader_path/../Frameworks",
				);
				MACOSX_DEPLOYMENT_TARGET = 11.0;
				PRODUCT_BUNDLE_IDENTIFIER = "Rich-Life.Tests-macOS";
				PRODUCT_NAME = "$(TARGET_NAME)";
				SDKROOT = macosx;
				SWIFT_VERSION = 5.0;
				TEST_TARGET_NAME = "Quizzer (macOS)";
			};
			name = Debug;
		};
		670B6C0C24E074810035E450 /* Release */ = {
			isa = XCBuildConfiguration;
			buildSettings = {
				ALWAYS_EMBED_SWIFT_STANDARD_LIBRARIES = YES;
				CODE_SIGN_STYLE = Automatic;
				COMBINE_HIDPI_IMAGES = YES;
				DEVELOPMENT_TEAM = H3AB9CHSJ8;
				INFOPLIST_FILE = "Tests macOS/Info.plist";
				LD_RUNPATH_SEARCH_PATHS = (
					"$(inherited)",
					"@executable_path/../Frameworks",
					"@loader_path/../Frameworks",
				);
				MACOSX_DEPLOYMENT_TARGET = 11.0;
				PRODUCT_BUNDLE_IDENTIFIER = "Rich-Life.Tests-macOS";
				PRODUCT_NAME = "$(TARGET_NAME)";
				SDKROOT = macosx;
				SWIFT_VERSION = 5.0;
				TEST_TARGET_NAME = "Quizzer (macOS)";
			};
			name = Release;
		};
/* End XCBuildConfiguration section */

/* Begin XCConfigurationList section */
		670B6BCE24E0747F0035E450 /* Build configuration list for PBXProject "Quizzer" */ = {
			isa = XCConfigurationList;
			buildConfigurations = (
				670B6BFF24E074810035E450 /* Debug */,
				670B6C0024E074810035E450 /* Release */,
			);
			defaultConfigurationIsVisible = 0;
			defaultConfigurationName = Release;
		};
		670B6C0124E074810035E450 /* Build configuration list for PBXNativeTarget "Quizzer (iOS)" */ = {
			isa = XCConfigurationList;
			buildConfigurations = (
				670B6C0224E074810035E450 /* Debug */,
				670B6C0324E074810035E450 /* Release */,
			);
			defaultConfigurationIsVisible = 0;
			defaultConfigurationName = Release;
		};
		670B6C0424E074810035E450 /* Build configuration list for PBXNativeTarget "Quizzer (macOS)" */ = {
			isa = XCConfigurationList;
			buildConfigurations = (
				670B6C0524E074810035E450 /* Debug */,
				670B6C0624E074810035E450 /* Release */,
			);
			defaultConfigurationIsVisible = 0;
			defaultConfigurationName = Release;
		};
		670B6C0724E074810035E450 /* Build configuration list for PBXNativeTarget "Tests iOS" */ = {
			isa = XCConfigurationList;
			buildConfigurations = (
				670B6C0824E074810035E450 /* Debug */,
				670B6C0924E074810035E450 /* Release */,
			);
			defaultConfigurationIsVisible = 0;
			defaultConfigurationName = Release;
		};
		670B6C0A24E074810035E450 /* Build configuration list for PBXNativeTarget "Tests macOS" */ = {
			isa = XCConfigurationList;
			buildConfigurations = (
				670B6C0B24E074810035E450 /* Debug */,
				670B6C0C24E074810035E450 /* Release */,
			);
			defaultConfigurationIsVisible = 0;
			defaultConfigurationName = Release;
		};
/* End XCConfigurationList section */
	};
	rootObject = 670B6BCB24E0747F0035E450 /* Project object */;
}
